
Microsoft Visual Studio Solution File, Format Version 12.00
# Visual Studio Version 17
VisualStudioVersion = 17.13.35818.85 d17.13
MinimumVisualStudioVersion = 10.0.40219.1
Project("{FAE04EC0-301F-11D3-BF4B-00C04F79EFBC}") = "TaskTracker.Core", "TaskTracker.Core\TaskTracker.Core.csproj", "{B2EA3FDE-0631-4A33-A059-84F3245B3861}"
EndProject
Project("{FAE04EC0-301F-11D3-BF4B-00C04F79EFBC}") = "TaskTracker.Data", "TaskTracker.Data\TaskTracker.Data.csproj", "{E29459A8-7FEC-4047-91CD-91790B0E02C2}"
EndProject
Project("{FAE04EC0-301F-11D3-BF4B-00C04F79EFBC}") = "TaskTracker.Desktop", "TaskTracker.Desktop\TaskTracker.Desktop.csproj", "{E082F7E3-F70B-4BD5-8A25-EBDC29168FA5}"
EndProject
Global
	GlobalSection(SolutionConfigurationPlatforms) = preSolution
		Debug|Any CPU = Debug|Any CPU
		Release|Any CPU = Release|Any CPU
	EndGlobalSection
	GlobalSection(ProjectConfigurationPlatforms) = postSolution
		{B2EA3FDE-0631-4A33-A059-84F3245B3861}.Debug|Any CPU.ActiveCfg = Debug|Any CPU
		{B2EA3FDE-0631-4A33-A059-84F3245B3861}.Debug|Any CPU.Build.0 = Debug|Any CPU
		{B2EA3FDE-0631-4A33-A059-84F3245B3861}.Release|Any CPU.ActiveCfg = Release|Any CPU
		{B2EA3FDE-0631-4A33-A059-84F3245B3861}.Release|Any CPU.Build.0 = Release|Any CPU
		{E29459A8-7FEC-4047-91CD-91790B0E02C2}.Debug|Any CPU.ActiveCfg = Debug|Any CPU
		{E29459A8-7FEC-4047-91CD-91790B0E02C2}.Debug|Any CPU.Build.0 = Debug|Any CPU
		{E29459A8-7FEC-4047-91CD-91790B0E02C2}.Release|Any CPU.ActiveCfg = Release|Any CPU
		{E29459A8-7FEC-4047-91CD-91790B0E02C2}.Release|Any CPU.Build.0 = Release|Any CPU
		{E082F7E3-F70B-4BD5-8A25-EBDC29168FA5}.Debug|Any CPU.ActiveCfg = Debug|Any CPU
		{E082F7E3-F70B-4BD5-8A25-EBDC29168FA5}.Debug|Any CPU.Build.0 = Debug|Any CPU
		{E082F7E3-F70B-4BD5-8A25-EBDC29168FA5}.Release|Any CPU.ActiveCfg = Release|Any CPU
		{E082F7E3-F70B-4BD5-8A25-EBDC29168FA5}.Release|Any CPU.Build.0 = Release|Any CPU
	EndGlobalSection
	GlobalSection(SolutionProperties) = preSolution
		HideSolutionNode = FALSE
	EndGlobalSection
	GlobalSection(ExtensibilityGlobals) = postSolution
		SolutionGuid = {E7421100-9D4D-46CA-97BD-D158D5F25DA6}
	EndGlobalSection
EndGlobal
